<?xml version="1.0" encoding="utf-8"?>
<Project ToolsVersion="4.0" xmlns="http://schemas.microsoft.com/developer/msbuild/2003">
  <ItemGroup>
    <Filter Include="Source Files">
      <UniqueIdentifier>{4bc9598c-1369-424a-8f61-9e98a41afc81}</UniqueIdentifier>
      <Extensions>cpp;c;cxx;rc;def;r;odl;idl;hpj;bat</Extensions>
    </Filter>
    <Filter Include="Header Files">
      <UniqueIdentifier>{0536ff58-c508-48cc-a115-bc506a2a80bd}</UniqueIdentifier>
      <Extensions>h;hpp;hxx;hm;inl</Extensions>
    </Filter>
    <Filter Include="ImageLib">
      <UniqueIdentifier>{386102a1-aee0-4b94-96b7-adf4c1cc523c}</UniqueIdentifier>
    </Filter>
    <Filter Include="Resource Files">
      <UniqueIdentifier>{9df30554-1e56-4a8c-9b9d-7bad48425e9b}</UniqueIdentifier>
      <Extensions>ico;cur;bmp;dlg;rc2;rct;bin;rgs;gif;jpg;jpeg;jpe</Extensions>
    </Filter>
  </ItemGroup>
  <ItemGroup>
    <ClCompile Include="src\BrushConfigUI.cpp">
      <Filter>Source Files</Filter>
    </ClCompile>
    <ClCompile Include="src\correlation.cpp">
      <Filter>Source Files</Filter>
    </ClCompile>
    <ClCompile Include="src\FltDesignUI.cpp">
      <Filter>Source Files</Filter>
    </ClCompile>
    <ClCompile Include="src\HelpPageUI.cpp">
      <Filter>Source Files</Filter>
    </ClCompile>
    <ClCompile Include="src\ImgFilterUI.cpp">
      <Filter>Source Files</Filter>
    </ClCompile>
    <ClCompile Include="src\ImgFltAux.cpp">
      <Filter>Source Files</Filter>
    </ClCompile>
    <ClCompile Include="src\ImgFltMain.cpp">
      <Filter>Source Files</Filter>
    </ClCompile>
    <ClCompile Include="src\ImgView.cpp">
      <Filter>Source Files</Filter>
    </ClCompile>
    <ClCompile Include="src\iScissor.cpp">
      <Filter>Source Files</Filter>
    </ClCompile>
    <ClCompile Include="src\ScissorPanelUI.cpp">
      <Filter>Source Files</Filter>
    </ClCompile>
    <ClCompile Include="src\ImageLib\FileIO.cpp">
      <Filter>ImageLib</Filter>
    </ClCompile>
    <ClCompile Include="src\ImageLib\Image.cpp">
      <Filter>ImageLib</Filter>
    </ClCompile>
    <ClCompile Include="src\ImageLib\RefCntMem.cpp">
      <Filter>ImageLib</Filter>
    </ClCompile>
    <ClCompile Include="src\fibheap.cpp">
      <Filter>Source Files</Filter>
    </ClCompile>
  </ItemGroup>
  <ItemGroup>
    <ClInclude Include="src\BrushConfigUI.h">
      <Filter>Header Files</Filter>
    </ClInclude>
    <ClInclude Include="src\correlation.h">
      <Filter>Header Files</Filter>
    </ClInclude>
    <ClInclude Include="src\FltDesignUI.h">
      <Filter>Header Files</Filter>
    </ClInclude>
    <ClInclude Include="src\HelpPageUI.h">
      <Filter>Header Files</Filter>
    </ClInclude>
    <ClInclude Include="src\ImgFilterUI.h">
      <Filter>Header Files</Filter>
    </ClInclude>
    <ClInclude Include="src\imgflt.h">
      <Filter>Header Files</Filter>
    </ClInclude>
    <ClInclude Include="src\ImgFltAux.h">
      <Filter>Header Files</Filter>
    </ClInclude>
    <ClInclude Include="src\ImgView.h">
      <Filter>Header Files</Filter>
    </ClInclude>
    <ClInclude Include="src\iScissor.h">
      <Filter>Header Files</Filter>
    </ClInclude>
    <ClInclude Include="src\PriorityQueue.h">
      <Filter>Header Files</Filter>
    </ClInclude>
    <ClInclude Include="src\ScissorPanelUI.h">
      <Filter>Header Files</Filter>
    </ClInclude>
    <ClInclude Include="src\ImageLib\FileIO.h">
      <Filter>ImageLib</Filter>
    </ClInclude>
    <ClInclude Include="src\ImageLib\Image.h">
      <Filter>ImageLib</Filter>
    </ClInclude>
    <ClInclude Include="src\ImageLib\RefCntMem.h">
      <Filter>ImageLib</Filter>
    </ClInclude>
    <ClInclude Include="src\fibheap.h">
      <Filter>Header Files</Filter>
    </ClInclude>
  </ItemGroup>
  <ItemGroup>
    <None Include="src\ImageLib\Image.inl">
      <Filter>ImageLib</Filter>
    </None>
  </ItemGroup>
</Project>